// !$*UTF8*$!
{
	archiveVersion = 1;
	classes = {
	};
	objectVersion = 46;
	objects = {

/* Begin PBXBuildFile section */
		383D28D01BD79796003A810B /* AppDelegate.swift in Sources */ = {isa = PBXBuildFile; fileRef = 383D28CF1BD79796003A810B /* AppDelegate.swift */; };
		383D28D21BD79796003A810B /* ListController.swift in Sources */ = {isa = PBXBuildFile; fileRef = 383D28D11BD79796003A810B /* ListController.swift */; };
		383D28DA1BD79796003A810B /* LaunchScreen.storyboard in Resources */ = {isa = PBXBuildFile; fileRef = 383D28D81BD79796003A810B /* LaunchScreen.storyboard */; };
		383D28E21BD797DD003A810B /* ListController.xib in Resources */ = {isa = PBXBuildFile; fileRef = 383D28E11BD797DD003A810B /* ListController.xib */; };
		383D28E51BD79ADF003A810B /* MovieTypes.swift in Sources */ = {isa = PBXBuildFile; fileRef = 383D28E41BD79ADF003A810B /* MovieTypes.swift */; };
		383D28E71BD79BCB003A810B /* Extensions.swift in Sources */ = {isa = PBXBuildFile; fileRef = 383D28E61BD79BCB003A810B /* Extensions.swift */; };
		383D28EF1BD79FB5003A810B /* FlixTests.swift in Sources */ = {isa = PBXBuildFile; fileRef = 383D28EE1BD79FB5003A810B /* FlixTests.swift */; };
		383D28F91BD7C84E003A810B /* top3.json in Resources */ = {isa = PBXBuildFile; fileRef = 383D28F81BD7C84E003A810B /* top3.json */; };
		383D28FB1BD7CF66003A810B /* Functions.swift in Sources */ = {isa = PBXBuildFile; fileRef = 383D28FA1BD7CF66003A810B /* Functions.swift */; };
		383D28FD1BD7D8F5003A810B /* Future.swift in Sources */ = {isa = PBXBuildFile; fileRef = 383D28FC1BD7D8F5003A810B /* Future.swift */; };
		383D28FF1BD7E5A9003A810B /* top250.json in Resources */ = {isa = PBXBuildFile; fileRef = 383D28FE1BD7E5A9003A810B /* top250.json */; };
		3848BB441BDCE21200224477 /* MovieExtensions.swift in Sources */ = {isa = PBXBuildFile; fileRef = 3848BB431BDCE21200224477 /* MovieExtensions.swift */; };
		3884FACC1BDA2A08006BBB6D /* ChangeTypes.swift in Sources */ = {isa = PBXBuildFile; fileRef = 3884FACB1BDA2A08006BBB6D /* ChangeTypes.swift */; };
		38B3D89D1BD8D1750069953E /* MovieCell.swift in Sources */ = {isa = PBXBuildFile; fileRef = 38B3D89B1BD8D1750069953E /* MovieCell.swift */; };
		38B3D89E1BD8D1750069953E /* MovieCell.xib in Resources */ = {isa = PBXBuildFile; fileRef = 38B3D89C1BD8D1750069953E /* MovieCell.xib */; };
		38B3D8A21BD8EF980069953E /* ListChangeController.swift in Sources */ = {isa = PBXBuildFile; fileRef = 38B3D8A01BD8EF980069953E /* ListChangeController.swift */; };
		38B3D8A31BD8EF980069953E /* ListChangeController.xib in Resources */ = {isa = PBXBuildFile; fileRef = 38B3D8A11BD8EF980069953E /* ListChangeController.xib */; };
		38B3D8A51BD908450069953E /* Values.swift in Sources */ = {isa = PBXBuildFile; fileRef = 38B3D8A41BD908450069953E /* Values.swift */; };
		38B3D8B41BD934210069953E /* MovieFunctions.swift in Sources */ = {isa = PBXBuildFile; fileRef = 38B3D8B31BD934210069953E /* MovieFunctions.swift */; };
		38B3D8B71BD942880069953E /* MovieChangeController.swift in Sources */ = {isa = PBXBuildFile; fileRef = 38B3D8B51BD942880069953E /* MovieChangeController.swift */; };
		38B3D8B81BD942880069953E /* MovieChangeController.xib in Resources */ = {isa = PBXBuildFile; fileRef = 38B3D8B61BD942880069953E /* MovieChangeController.xib */; };
/* End PBXBuildFile section */

/* Begin PBXContainerItemProxy section */
		383D28F11BD79FB5003A810B /* PBXContainerItemProxy */ = {
			isa = PBXContainerItemProxy;
			containerPortal = 383D28C41BD79796003A810B /* Project object */;
			proxyType = 1;
			remoteGlobalIDString = 383D28CB1BD79796003A810B;
			remoteInfo = Flix;
		};
/* End PBXContainerItemProxy section */

/* Begin PBXFileReference section */
		383D28CC1BD79796003A810B /* Flix.app */ = {isa = PBXFileReference; explicitFileType = wrapper.application; includeInIndex = 0; path = Flix.app; sourceTree = BUILT_PRODUCTS_DIR; };
		383D28CF1BD79796003A810B /* AppDelegate.swift */ = {isa = PBXFileReference; lastKnownFileType = sourcecode.swift; path = AppDelegate.swift; sourceTree = "<group>"; };
		383D28D11BD79796003A810B /* ListController.swift */ = {isa = PBXFileReference; lastKnownFileType = sourcecode.swift; path = ListController.swift; sourceTree = "<group>"; };
		383D28D91BD79796003A810B /* Base */ = {isa = PBXFileReference; lastKnownFileType = file.storyboard; name = Base; path = Base.lproj/LaunchScreen.storyboard; sourceTree = "<group>"; };
		383D28DB1BD79796003A810B /* Info.plist */ = {isa = PBXFileReference; lastKnownFileType = text.plist.xml; path = Info.plist; sourceTree = "<group>"; };
		383D28E11BD797DD003A810B /* ListController.xib */ = {isa = PBXFileReference; fileEncoding = 4; lastKnownFileType = file.xib; path = ListController.xib; sourceTree = "<group>"; };
		383D28E41BD79ADF003A810B /* MovieTypes.swift */ = {isa = PBXFileReference; fileEncoding = 4; lastKnownFileType = sourcecode.swift; path = MovieTypes.swift; sourceTree = "<group>"; };
		383D28E61BD79BCB003A810B /* Extensions.swift */ = {isa = PBXFileReference; fileEncoding = 4; lastKnownFileType = sourcecode.swift; path = Extensions.swift; sourceTree = "<group>"; };
		383D28EC1BD79FB5003A810B /* FlixTests.xctest */ = {isa = PBXFileReference; explicitFileType = wrapper.cfbundle; includeInIndex = 0; path = FlixTests.xctest; sourceTree = BUILT_PRODUCTS_DIR; };
		383D28EE1BD79FB5003A810B /* FlixTests.swift */ = {isa = PBXFileReference; lastKnownFileType = sourcecode.swift; path = FlixTests.swift; sourceTree = "<group>"; };
		383D28F01BD79FB5003A810B /* Info.plist */ = {isa = PBXFileReference; lastKnownFileType = text.plist.xml; path = Info.plist; sourceTree = "<group>"; };
		383D28F81BD7C84E003A810B /* top3.json */ = {isa = PBXFileReference; fileEncoding = 4; lastKnownFileType = text.json; name = top3.json; path = ../Flix/top3.json; sourceTree = "<group>"; };
		383D28FA1BD7CF66003A810B /* Functions.swift */ = {isa = PBXFileReference; fileEncoding = 4; lastKnownFileType = sourcecode.swift; path = Functions.swift; sourceTree = "<group>"; };
		383D28FC1BD7D8F5003A810B /* Future.swift */ = {isa = PBXFileReference; fileEncoding = 4; lastKnownFileType = sourcecode.swift; path = Future.swift; sourceTree = "<group>"; };
		383D28FE1BD7E5A9003A810B /* top250.json */ = {isa = PBXFileReference; fileEncoding = 4; lastKnownFileType = text.json; path = top250.json; sourceTree = "<group>"; };
		3848BB431BDCE21200224477 /* MovieExtensions.swift */ = {isa = PBXFileReference; fileEncoding = 4; lastKnownFileType = sourcecode.swift; path = MovieExtensions.swift; sourceTree = "<group>"; };
		3884FACB1BDA2A08006BBB6D /* ChangeTypes.swift */ = {isa = PBXFileReference; fileEncoding = 4; lastKnownFileType = sourcecode.swift; path = ChangeTypes.swift; sourceTree = "<group>"; };
		38B3D89B1BD8D1750069953E /* MovieCell.swift */ = {isa = PBXFileReference; fileEncoding = 4; lastKnownFileType = sourcecode.swift; path = MovieCell.swift; sourceTree = "<group>"; };
		38B3D89C1BD8D1750069953E /* MovieCell.xib */ = {isa = PBXFileReference; fileEncoding = 4; lastKnownFileType = file.xib; path = MovieCell.xib; sourceTree = "<group>"; };
		38B3D8A01BD8EF980069953E /* ListChangeController.swift */ = {isa = PBXFileReference; fileEncoding = 4; lastKnownFileType = sourcecode.swift; path = ListChangeController.swift; sourceTree = "<group>"; };
		38B3D8A11BD8EF980069953E /* ListChangeController.xib */ = {isa = PBXFileReference; fileEncoding = 4; lastKnownFileType = file.xib; path = ListChangeController.xib; sourceTree = "<group>"; };
		38B3D8A41BD908450069953E /* Values.swift */ = {isa = PBXFileReference; fileEncoding = 4; lastKnownFileType = sourcecode.swift; path = Values.swift; sourceTree = "<group>"; };
		38B3D8B31BD934210069953E /* MovieFunctions.swift */ = {isa = PBXFileReference; fileEncoding = 4; lastKnownFileType = sourcecode.swift; path = MovieFunctions.swift; sourceTree = "<group>"; };
		38B3D8B51BD942880069953E /* MovieChangeController.swift */ = {isa = PBXFileReference; fileEncoding = 4; lastKnownFileType = sourcecode.swift; path = MovieChangeController.swift; sourceTree = "<group>"; };
		38B3D8B61BD942880069953E /* MovieChangeController.xib */ = {isa = PBXFileReference; fileEncoding = 4; lastKnownFileType = file.xib; path = MovieChangeController.xib; sourceTree = "<group>"; };
/* End PBXFileReference section */

/* Begin PBXFrameworksBuildPhase section */
		383D28C91BD79796003A810B /* Frameworks */ = {
			isa = PBXFrameworksBuildPhase;
			buildActionMask = 2147483647;
			files = (
			);
			runOnlyForDeploymentPostprocessing = 0;
		};
		383D28E91BD79FB5003A810B /* Frameworks */ = {
			isa = PBXFrameworksBuildPhase;
			buildActionMask = 2147483647;
			files = (
			);
			runOnlyForDeploymentPostprocessing = 0;
		};
/* End PBXFrameworksBuildPhase section */

/* Begin PBXGroup section */
		383D28C31BD79796003A810B = {
			isa = PBXGroup;
			children = (
				383D28CE1BD79796003A810B /* Flix */,
				383D28ED1BD79FB5003A810B /* FlixTests */,
				383D28CD1BD79796003A810B /* Products */,
			);
			sourceTree = "<group>";
		};
		383D28CD1BD79796003A810B /* Products */ = {
			isa = PBXGroup;
			children = (
				383D28CC1BD79796003A810B /* Flix.app */,
				383D28EC1BD79FB5003A810B /* FlixTests.xctest */,
			);
			name = Products;
			sourceTree = "<group>";
		};
		383D28CE1BD79796003A810B /* Flix */ = {
			isa = PBXGroup;
			children = (
				3884FACF1BDA4145006BBB6D /* Basic */,
				383D28E31BD79AC5003A810B /* Elements */,
				3884FACA1BDA297F006BBB6D /* MovieListChange */,
				38B3D89F1BD8EF810069953E /* Pages */,
				3884FAD01BDA4152006BBB6D /* Resources */,
				38B3D89A1BD8D1600069953E /* UI */,
			);
			path = Flix;
			sourceTree = "<group>";
		};
		383D28E31BD79AC5003A810B /* Elements */ = {
			isa = PBXGroup;
			children = (
				383D28E61BD79BCB003A810B /* Extensions.swift */,
				383D28FA1BD7CF66003A810B /* Functions.swift */,
				383D28FC1BD7D8F5003A810B /* Future.swift */,
				38B3D8A41BD908450069953E /* Values.swift */,
			);
			name = Elements;
			sourceTree = "<group>";
		};
		383D28ED1BD79FB5003A810B /* FlixTests */ = {
			isa = PBXGroup;
			children = (
				383D28F81BD7C84E003A810B /* top3.json */,
				383D28EE1BD79FB5003A810B /* FlixTests.swift */,
				383D28F01BD79FB5003A810B /* Info.plist */,
			);
			path = FlixTests;
			sourceTree = "<group>";
		};
		3884FACA1BDA297F006BBB6D /* MovieListChange */ = {
			isa = PBXGroup;
			children = (
				3884FACB1BDA2A08006BBB6D /* ChangeTypes.swift */,
				38B3D8B31BD934210069953E /* MovieFunctions.swift */,
				383D28E41BD79ADF003A810B /* MovieTypes.swift */,
				3848BB431BDCE21200224477 /* MovieExtensions.swift */,
			);
			name = MovieListChange;
			sourceTree = "<group>";
		};
		3884FACF1BDA4145006BBB6D /* Basic */ = {
			isa = PBXGroup;
			children = (
				383D28CF1BD79796003A810B /* AppDelegate.swift */,
				383D28DB1BD79796003A810B /* Info.plist */,
				383D28D81BD79796003A810B /* LaunchScreen.storyboard */,
			);
			name = Basic;
			sourceTree = "<group>";
		};
		3884FAD01BDA4152006BBB6D /* Resources */ = {
			isa = PBXGroup;
			children = (
				383D28FE1BD7E5A9003A810B /* top250.json */,
			);
			name = Resources;
			sourceTree = "<group>";
		};
		38B3D89A1BD8D1600069953E /* UI */ = {
			isa = PBXGroup;
			children = (
				38B3D89B1BD8D1750069953E /* MovieCell.swift */,
				38B3D89C1BD8D1750069953E /* MovieCell.xib */,
			);
			name = UI;
			sourceTree = "<group>";
		};
		38B3D89F1BD8EF810069953E /* Pages */ = {
			isa = PBXGroup;
			children = (
				38B3D8A01BD8EF980069953E /* ListChangeController.swift */,
				38B3D8A11BD8EF980069953E /* ListChangeController.xib */,
				383D28D11BD79796003A810B /* ListController.swift */,
				383D28E11BD797DD003A810B /* ListController.xib */,
				38B3D8B51BD942880069953E /* MovieChangeController.swift */,
				38B3D8B61BD942880069953E /* MovieChangeController.xib */,
			);
			name = Pages;
			sourceTree = "<group>";
		};
/* End PBXGroup section */

/* Begin PBXNativeTarget section */
		383D28CB1BD79796003A810B /* Flix */ = {
			isa = PBXNativeTarget;
			buildConfigurationList = 383D28DE1BD79796003A810B /* Build configuration list for PBXNativeTarget "Flix" */;
			buildPhases = (
				383D28C81BD79796003A810B /* Sources */,
				383D28C91BD79796003A810B /* Frameworks */,
				383D28CA1BD79796003A810B /* Resources */,
			);
			buildRules = (
			);
			dependencies = (
			);
			name = Flix;
			productName = Flix;
			productReference = 383D28CC1BD79796003A810B /* Flix.app */;
			productType = "com.apple.product-type.application";
		};
		383D28EB1BD79FB5003A810B /* FlixTests */ = {
			isa = PBXNativeTarget;
			buildConfigurationList = 383D28F31BD79FB5003A810B /* Build configuration list for PBXNativeTarget "FlixTests" */;
			buildPhases = (
				383D28E81BD79FB5003A810B /* Sources */,
				383D28E91BD79FB5003A810B /* Frameworks */,
				383D28EA1BD79FB5003A810B /* Resources */,
			);
			buildRules = (
			);
			dependencies = (
				383D28F21BD79FB5003A810B /* PBXTargetDependency */,
			);
			name = FlixTests;
			productName = FlixTests;
			productReference = 383D28EC1BD79FB5003A810B /* FlixTests.xctest */;
			productType = "com.apple.product-type.bundle.unit-test";
		};
/* End PBXNativeTarget section */

/* Begin PBXProject section */
		383D28C41BD79796003A810B /* Project object */ = {
			isa = PBXProject;
			attributes = {
				LastUpgradeCheck = 0700;
				ORGANIZATIONNAME = Elvi;
				TargetAttributes = {
					383D28CB1BD79796003A810B = {
						CreatedOnToolsVersion = 7.0.1;
						DevelopmentTeam = 5MTJLVM7R2;
					};
					383D28EB1BD79FB5003A810B = {
						CreatedOnToolsVersion = 7.0.1;
						TestTargetID = 383D28CB1BD79796003A810B;
					};
				};
			};
			buildConfigurationList = 383D28C71BD79796003A810B /* Build configuration list for PBXProject "Flix" */;
			compatibilityVersion = "Xcode 3.2";
			developmentRegion = English;
			hasScannedForEncodings = 0;
			knownRegions = (
				en,
				Base,
			);
			mainGroup = 383D28C31BD79796003A810B;
			productRefGroup = 383D28CD1BD79796003A810B /* Products */;
			projectDirPath = "";
			projectRoot = "";
			targets = (
				383D28CB1BD79796003A810B /* Flix */,
				383D28EB1BD79FB5003A810B /* FlixTests */,
			);
		};
/* End PBXProject section */

/* Begin PBXResourcesBuildPhase section */
		383D28CA1BD79796003A810B /* Resources */ = {
			isa = PBXResourcesBuildPhase;
			buildActionMask = 2147483647;
			files = (
				383D28E21BD797DD003A810B /* ListController.xib in Resources */,
				38B3D8A31BD8EF980069953E /* ListChangeController.xib in Resources */,
				383D28FF1BD7E5A9003A810B /* top250.json in Resources */,
				38B3D8B81BD942880069953E /* MovieChangeController.xib in Resources */,
				383D28DA1BD79796003A810B /* LaunchScreen.storyboard in Resources */,
				383D28F91BD7C84E003A810B /* top3.json in Resources */,
				38B3D89E1BD8D1750069953E /* MovieCell.xib in Resources */,
			);
			runOnlyForDeploymentPostprocessing = 0;
		};
		383D28EA1BD79FB5003A810B /* Resources */ = {
			isa = PBXResourcesBuildPhase;
			buildActionMask = 2147483647;
			files = (
			);
			runOnlyForDeploymentPostprocessing = 0;
		};
/* End PBXResourcesBuildPhase section */

/* Begin PBXSourcesBuildPhase section */
		383D28C81BD79796003A810B /* Sources */ = {
			isa = PBXSourcesBuildPhase;
			buildActionMask = 2147483647;
			files = (
				3848BB441BDCE21200224477 /* MovieExtensions.swift in Sources */,
				38B3D89D1BD8D1750069953E /* MovieCell.swift in Sources */,
				383D28FD1BD7D8F5003A810B /* Future.swift in Sources */,
				38B3D8B71BD942880069953E /* MovieChangeController.swift in Sources */,
				383D28E51BD79ADF003A810B /* MovieTypes.swift in Sources */,
				38B3D8A21BD8EF980069953E /* ListChangeController.swift in Sources */,
				38B3D8B41BD934210069953E /* MovieFunctions.swift in Sources */,
				383D28D21BD79796003A810B /* ListController.swift in Sources */,
				383D28D01BD79796003A810B /* AppDelegate.swift in Sources */,
				383D28FB1BD7CF66003A810B /* Functions.swift in Sources */,
				383D28E71BD79BCB003A810B /* Extensions.swift in Sources */,
				38B3D8A51BD908450069953E /* Values.swift in Sources */,
				3884FACC1BDA2A08006BBB6D /* ChangeTypes.swift in Sources */,
			);
			runOnlyForDeploymentPostprocessing = 0;
		};
		383D28E81BD79FB5003A810B /* Sources */ = {
			isa = PBXSourcesBuildPhase;
			buildActionMask = 2147483647;
			files = (
				383D28EF1BD79FB5003A810B /* FlixTests.swift in Sources */,
			);
			runOnlyForDeploymentPostprocessing = 0;
		};
/* End PBXSourcesBuildPhase section */

/* Begin PBXTargetDependency section */
		383D28F21BD79FB5003A810B /* PBXTargetDependency */ = {
			isa = PBXTargetDependency;
			target = 383D28CB1BD79796003A810B /* Flix */;
			targetProxy = 383D28F11BD79FB5003A810B /* PBXContainerItemProxy */;
		};
/* End PBXTargetDependency section */

/* Begin PBXVariantGroup section */
		383D28D81BD79796003A810B /* LaunchScreen.storyboard */ = {
			isa = PBXVariantGroup;
			children = (
				383D28D91BD79796003A810B /* Base */,
			);
			name = LaunchScreen.storyboard;
			sourceTree = "<group>";
		};
/* End PBXVariantGroup section */

/* Begin XCBuildConfiguration section */
		383D28DC1BD79796003A810B /* Debug */ = {
			isa = XCBuildConfiguration;
			buildSettings = {
				ALWAYS_SEARCH_USER_PATHS = NO;
				CLANG_CXX_LANGUAGE_STANDARD = "gnu++0x";
				CLANG_CXX_LIBRARY = "libc++";
				CLANG_ENABLE_MODULES = YES;
				CLANG_ENABLE_OBJC_ARC = YES;
				CLANG_WARN_BOOL_CONVERSION = YES;
				CLANG_WARN_CONSTANT_CONVERSION = YES;
				CLANG_WARN_DIRECT_OBJC_ISA_USAGE = YES_ERROR;
				CLANG_WARN_EMPTY_BODY = YES;
				CLANG_WARN_ENUM_CONVERSION = YES;
				CLANG_WARN_INT_CONVERSION = YES;
				CLANG_WARN_OBJC_ROOT_CLASS = YES_ERROR;
				CLANG_WARN_UNREACHABLE_CODE = YES;
				CLANG_WARN__DUPLICATE_METHOD_MATCH = YES;
				"CODE_SIGN_IDENTITY[sdk=iphoneos*]" = "iPhone Developer";
				COPY_PHASE_STRIP = NO;
				DEBUG_INFORMATION_FORMAT = dwarf;
				ENABLE_STRICT_OBJC_MSGSEND = YES;
				ENABLE_TESTABILITY = YES;
				GCC_C_LANGUAGE_STANDARD = gnu99;
				GCC_DYNAMIC_NO_PIC = NO;
				GCC_NO_COMMON_BLOCKS = YES;
				GCC_OPTIMIZATION_LEVEL = 0;
				GCC_PREPROCESSOR_DEFINITIONS = (
					"DEBUG=1",
					"$(inherited)",
				);
				GCC_WARN_64_TO_32_BIT_CONVERSION = YES;
				GCC_WARN_ABOUT_RETURN_TYPE = YES_ERROR;
				GCC_WARN_UNDECLARED_SELECTOR = YES;
				GCC_WARN_UNINITIALIZED_AUTOS = YES_AGGRESSIVE;
				GCC_WARN_UNUSED_FUNCTION = YES;
				GCC_WARN_UNUSED_VARIABLE = YES;
				IPHONEOS_DEPLOYMENT_TARGET = 9.0;
				MTL_ENABLE_DEBUG_INFO = YES;
				ONLY_ACTIVE_ARCH = YES;
				SDKROOT = iphoneos;
				SWIFT_OPTIMIZATION_LEVEL = "-Onone";
				TARGETED_DEVICE_FAMILY = "1,2";
			};
			name = Debug;
		};
		383D28DD1BD79796003A810B /* Release */ = {
			isa = XCBuildConfiguration;
			buildSettings = {
				ALWAYS_SEARCH_USER_PATHS = NO;
				CLANG_CXX_LANGUAGE_STANDARD = "gnu++0x";
				CLANG_CXX_LIBRARY = "libc++";
				CLANG_ENABLE_MODULES = YES;
				CLANG_ENABLE_OBJC_ARC = YES;
				CLANG_WARN_BOOL_CONVERSION = YES;
				CLANG_WARN_CONSTANT_CONVERSION = YES;
				CLANG_WARN_DIRECT_OBJC_ISA_USAGE = YES_ERROR;
				CLANG_WARN_EMPTY_BODY = YES;
				CLANG_WARN_ENUM_CONVERSION = YES;
				CLANG_WARN_INT_CONVERSION = YES;
				CLANG_WARN_OBJC_ROOT_CLASS = YES_ERROR;
				CLANG_WARN_UNREACHABLE_CODE = YES;
				CLANG_WARN__DUPLICATE_METHOD_MATCH = YES;
				"CODE_SIGN_IDENTITY[sdk=iphoneos*]" = "iPhone Developer";
				COPY_PHASE_STRIP = NO;
				DEBUG_INFORMATION_FORMAT = "dwarf-with-dsym";
				ENABLE_NS_ASSERTIONS = NO;
				ENABLE_STRICT_OBJC_MSGSEND = YES;
				GCC_C_LANGUAGE_STANDARD = gnu99;
				GCC_NO_COMMON_BLOCKS = YES;
				GCC_WARN_64_TO_32_BIT_CONVERSION = YES;
				GCC_WARN_ABOUT_RETURN_TYPE = YES_ERROR;
				GCC_WARN_UNDECLARED_SELECTOR = YES;
				GCC_WARN_UNINITIALIZED_AUTOS = YES_AGGRESSIVE;
				GCC_WARN_UNUSED_FUNCTION = YES;
				GCC_WARN_UNUSED_VARIABLE = YES;
				IPHONEOS_DEPLOYMENT_TARGET = 9.0;
				MTL_ENABLE_DEBUG_INFO = NO;
				SDKROOT = iphoneos;
				TARGETED_DEVICE_FAMILY = "1,2";
				VALIDATE_PRODUCT = YES;
			};
			name = Release;
		};
		383D28DF1BD79796003A810B /* Debug */ = {
			isa = XCBuildConfiguration;
			buildSettings = {
				ASSETCATALOG_COMPILER_APPICON_NAME = AppIcon;
				CODE_SIGN_IDENTITY = "iPhone Developer";
				"CODE_SIGN_IDENTITY[sdk=iphoneos*]" = "iPhone Developer";
				INFOPLIST_FILE = Flix/Info.plist;
				LD_RUNPATH_SEARCH_PATHS = "$(inherited) @executable_path/Frameworks";
				PRODUCT_BUNDLE_IDENTIFIER = it.elvi.Flix;
				PRODUCT_NAME = "$(TARGET_NAME)";
				PROVISIONING_PROFILE = "";
			};
			name = Debug;
		};
		383D28E01BD79796003A810B /* Release */ = {
			isa = XCBuildConfiguration;
			buildSettings = {
				ASSETCATALOG_COMPILER_APPICON_NAME = AppIcon;
				CODE_SIGN_IDENTITY = "iPhone Developer";
				"CODE_SIGN_IDENTITY[sdk=iphoneos*]" = "iPhone Developer";
				INFOPLIST_FILE = Flix/Info.plist;
				LD_RUNPATH_SEARCH_PATHS = "$(inherited) @executable_path/Frameworks";
				PRODUCT_BUNDLE_IDENTIFIER = it.elvi.Flix;
				PRODUCT_NAME = "$(TARGET_NAME)";
				PROVISIONING_PROFILE = "";
			};
			name = Release;
		};
		383D28F41BD79FB5003A810B /* Debug */ = {
			isa = XCBuildConfiguration;
			buildSettings = {
				BUNDLE_LOADER = "$(TEST_HOST)";
				INFOPLIST_FILE = FlixTests/Info.plist;
				LD_RUNPATH_SEARCH_PATHS = "$(inherited) @executable_path/Frameworks @loader_path/Frameworks";
				PRODUCT_BUNDLE_IDENTIFIER = it.elvi.FlixTests;
				PRODUCT_NAME = "$(TARGET_NAME)";
				TEST_HOST = "$(BUILT_PRODUCTS_DIR)/Flix.app/Flix";
			};
			name = Debug;
		};
		383D28F51BD79FB5003A810B /* Release */ = {
			isa = XCBuildConfiguration;
			buildSettings = {
				BUNDLE_LOADER = "$(TEST_HOST)";
				INFOPLIST_FILE = FlixTests/Info.plist;
				LD_RUNPATH_SEARCH_PATHS = "$(inherited) @executable_path/Frameworks @loader_path/Frameworks";
				PRODUCT_BUNDLE_IDENTIFIER = it.elvi.FlixTests;
				PRODUCT_NAME = "$(TARGET_NAME)";
				TEST_HOST = "$(BUILT_PRODUCTS_DIR)/Flix.app/Flix";
			};
			name = Release;
		};
/* End XCBuildConfiguration section */

/* Begin XCConfigurationList section */
		383D28C71BD79796003A810B /* Build configuration list for PBXProject "Flix" */ = {
			isa = XCConfigurationList;
			buildConfigurations = (
				383D28DC1BD79796003A810B /* Debug */,
				383D28DD1BD79796003A810B /* Release */,
			);
			defaultConfigurationIsVisible = 0;
			defaultConfigurationName = Release;
		};
		383D28DE1BD79796003A810B /* Build configuration list for PBXNativeTarget "Flix" */ = {
			isa = XCConfigurationList;
			buildConfigurations = (
				383D28DF1BD79796003A810B /* Debug */,
				383D28E01BD79796003A810B /* Release */,
			);
			defaultConfigurationIsVisible = 0;
			defaultConfigurationName = Release;
		};
		383D28F31BD79FB5003A810B /* Build configuration list for PBXNativeTarget "FlixTests" */ = {
			isa = XCConfigurationList;
			buildConfigurations = (
				383D28F41BD79FB5003A810B /* Debug */,
				383D28F51BD79FB5003A810B /* Release */,
			);
			defaultConfigurationIsVisible = 0;
			defaultConfigurationName = Release;
		};
/* End XCConfigurationList section */
	};
	rootObject = 383D28C41BD79796003A810B /* Project object */;
}
